Microsoft Visual Studio Solution File, Format Version 11.00
# Visual Studio 2008

Project("{07B9A3F5-DEC8-A83D-68C2-627882893B23}") = "akanoid2", "Assembly-CSharp.csproj", "{0031B943-546C-045E-14F1-66E0B6524425}"
EndProject
Global
	GlobalSection(SolutionConfigurationPlatforms) = preSolution
		Debug|Any CPU = Debug|Any CPU
		Release|Any CPU = Release|Any CPU
	EndGlobalSection
	GlobalSection(ProjectConfigurationPlatforms) = postSolution
		{0031B943-546C-045E-14F1-66E0B6524425}.Debug|Any CPU.ActiveCfg = Debug|Any CPU
		{0031B943-546C-045E-14F1-66E0B6524425}.Debug|Any CPU.Build.0 = Debug|Any CPU
		{0031B943-546C-045E-14F1-66E0B6524425}.Release|Any CPU.ActiveCfg = Release|Any CPU
		{0031B943-546C-045E-14F1-66E0B6524425}.Release|Any CPU.Build.0 = Release|Any CPU
	EndGlobalSection
	GlobalSection(SolutionProperties) = preSolution
		HideSolutionNode = FALSE
	EndGlobalSection
	GlobalSection(MonoDevelopProperties) = preSolution
		StartupItem = Assembly-CSharp.csproj
	EndGlobalSection
EndGlobal
